{
    "_readme": [
        "This file locks the dependencies of your project to a known state",
        "Read more about it at https://getcomposer.org/doc/01-basic-usage.md#installing-dependencies",
        "This file is @generated automatically"
    ],
    "content-hash": "4aae3d9f4d919d746654943f3b71f72a",
    "packages": [
        {
            "name": "erusev/parsedown",
            "version": "1.7.4",
            "source": {
                "type": "git",
                "url": "https://github.com/erusev/parsedown.git",
                "reference": "cb17b6477dfff935958ba01325f2e8a2bfa6dab3"
            },
            "dist": {
                "type": "zip",
                "url": "https://api.github.com/repos/erusev/parsedown/zipball/cb17b6477dfff935958ba01325f2e8a2bfa6dab3",
                "reference": "cb17b6477dfff935958ba01325f2e8a2bfa6dab3",
                "shasum": ""
            },
            "require": {
                "ext-mbstring": "*",
                "php": ">=5.3.0"
            },
            "require-dev": {
                "phpunit/phpunit": "^4.8.35"
            },
            "type": "library",
            "autoload": {
                "psr-0": {
                    "Parsedown": ""
                }
            },
            "notification-url": "https://packagist.org/downloads/",
            "license": [
                "MIT"
            ],
            "authors": [
                {
                    "name": "Emanuil Rusev",
                    "email": "hello@erusev.com",
                    "homepage": "http://erusev.com"
                }
            ],
            "description": "Parser for Markdown.",
            "homepage": "http://parsedown.org",
            "keywords": [
                "markdown",
                "parser"
            ],
            "support": {
                "issues": "https://github.com/erusev/parsedown/issues",
                "source": "https://github.com/erusev/parsedown/tree/1.7.x"
            },
            "time": "2019-12-30T22:54:17+00:00"
        },
        {
            "name": "inc2734/wp-github-plugin-updater",
            "version": "3.1.15",
            "source": {
                "type": "git",
                "url": "https://github.com/inc2734/wp-github-plugin-updater.git",
                "reference": "1891a24c325d8aa3d98358de1774eee024e4fa55"
            },
            "dist": {
                "type": "zip",
                "url": "https://api.github.com/repos/inc2734/wp-github-plugin-updater/zipball/1891a24c325d8aa3d98358de1774eee024e4fa55",
                "reference": "1891a24c325d8aa3d98358de1774eee024e4fa55",
                "shasum": ""
            },
            "require": {
                "erusev/parsedown": "^1.7",
                "php": ">=7.4"
            },
            "require-dev": {
                "dealerdirect/phpcodesniffer-composer-installer": "^1.0",
                "phpcompatibility/phpcompatibility-wp": "*",
                "wp-coding-standards/wpcs": "^3.1",
                "yoast/phpunit-polyfills": "^1.1"
            },
            "type": "library",
            "autoload": {
                "psr-4": {
                    "Inc2734\\WP_GitHub_Plugin_Updater\\": "src"
                }
            },
            "notification-url": "https://packagist.org/downloads/",
            "license": [
                "GPL-2.0-or-later"
            ],
            "authors": [
                {
                    "name": "Takashi Kitajima",
                    "email": "inc@2inc.org"
                }
            ],
            "description": "A library for WordPress that automatic plugin updater with GitHub API.",
            "support": {
                "issues": "https://github.com/inc2734/wp-github-plugin-updater/issues",
                "source": "https://github.com/inc2734/wp-github-plugin-updater/tree/3.1.15"
            },
            "time": "2025-02-06T04:31:23+00:00"
        },
        {
            "name": "johnbillion/args",
            "version": "0.9.0",
            "source": {
                "type": "git",
                "url": "https://github.com/johnbillion/args.git",
                "reference": "a1a3feb05cc9fc3914ed96eeab009259aea326c1"
            },
            "dist": {
                "type": "zip",
                "url": "https://api.github.com/repos/johnbillion/args/zipball/a1a3feb05cc9fc3914ed96eeab009259aea326c1",
                "reference": "a1a3feb05cc9fc3914ed96eeab009259aea326c1",
                "shasum": ""
            },
            "require": {
                "php": ">=7.4"
            },
            "require-dev": {
                "humanmade/coding-standards": "^1.1",
                "johnbillion/falsey-assertequals-detector": "^3",
                "phpdocumentor/reflection": "~4.0",
                "phpstan/phpstan": "^1.0",
                "phpstan/phpstan-phpunit": "^1.0",
                "phpunit/phpunit": "^9.0",
                "roots/wordpress": "^5.7.0"
            },
            "type": "library",
            "extra": {
                "wordpress-install-dir": "vendor/wordpress/wordpress"
            },
            "autoload": {
                "psr-4": {
                    "Args\\": "src/"
                }
            },
            "notification-url": "https://packagist.org/downloads/",
            "license": [
                "GPL-2.0+"
            ],
            "authors": [
                {
                    "name": "John Blackbourn",
                    "homepage": "https://johnblackbourn.com/"
                }
            ],
            "description": "I don't want to get into an argument about this.",
            "support": {
                "issues": "https://github.com/johnbillion/args/issues",
                "source": "https://github.com/johnbillion/args/tree/0.9.0"
            },
            "funding": [
                {
                    "url": "https://github.com/sponsors/johnbillion",
                    "type": "github"
                }
            ],
            "time": "2021-12-18T21:21:14+00:00"
        },
        {
            "name": "johnbillion/extended-cpts",
            "version": "5.0.0",
            "source": {
                "type": "git",
                "url": "https://github.com/johnbillion/extended-cpts.git",
                "reference": "fded84c6aa241405e73f43f74f869685b61a396d"
            },
            "dist": {
                "type": "zip",
                "url": "https://api.github.com/repos/johnbillion/extended-cpts/zipball/fded84c6aa241405e73f43f74f869685b61a396d",
                "reference": "fded84c6aa241405e73f43f74f869685b61a396d",
                "shasum": ""
            },
            "require": {
                "johnbillion/args": "^0.9.0",
                "php": ">= 7.4.0"
            },
            "require-dev": {
                "automattic/phpcs-neutron-standard": "1.7.0",
                "cweagans/composer-patches": "^1.7",
                "dealerdirect/phpcodesniffer-composer-installer": "^0.7",
                "johnbillion/falsey-assertequals-detector": "*",
                "lucatume/wp-browser": "^3.0",
                "phpcompatibility/phpcompatibility-wp": "^2",
                "phpstan/phpstan": "^1.0",
                "phpstan/phpstan-phpunit": "^1.0",
                "phpunit/phpunit": "^9",
                "roots/wordpress": "^5.8.0",
                "szepeviktor/phpstan-wordpress": "^1.0",
                "vlucas/phpdotenv": "^3",
                "wp-cli/core-command": "^2",
                "wp-cli/db-command": "^2",
                "wp-coding-standards/wpcs": "2.3.0"
            },
            "suggest": {
                "seravo/wp-custom-bulk-actions": "Custom Bulk Actions",
                "wpackagist-plugin/rewrite-testing": "Rewrite Rule Testing"
            },
            "type": "library",
            "extra": {
                "patches": {
                    "lucatume/wp-browser": {
                        "https://github.com/lucatume/wp-browser/issues/554": "tests/patches/wp-browser-554.patch"
                    }
                },
                "branch-alias": {
                    "dev-develop": "5.0-dev"
                },
                "wordpress-install-dir": "tests/wordpress"
            },
            "autoload": {
                "files": [
                    "functions.php"
                ],
                "psr-4": {
                    "ExtCPTs\\": "src",
                    "ExtCPTs\\Tests\\": "tests/integration"
                }
            },
            "notification-url": "https://packagist.org/downloads/",
            "license": [
                "GPL-2.0+"
            ],
            "authors": [
                {
                    "name": "John Blackbourn",
                    "homepage": "https://johnblackbourn.com/"
                }
            ],
            "description": "A library which provides extended functionality to WordPress custom post types and taxonomies.",
            "homepage": "https://github.com/johnbillion/extended-cpts/",
            "support": {
                "issues": "https://github.com/johnbillion/extended-cpts/issues",
                "source": "https://github.com/johnbillion/extended-cpts/tree/5.0.0"
            },
            "funding": [
                {
                    "url": "https://github.com/johnbillion",
                    "type": "github"
                }
            ],
            "time": "2022-01-20T22:14:29+00:00"
        }
    ],
    "packages-dev": [],
    "aliases": [],
    "minimum-stability": "stable",
    "stability-flags": [],
    "prefer-stable": false,
    "prefer-lowest": false,
    "platform": [],
    "platform-dev": [],
    "plugin-api-version": "2.6.0"
}
